
Microsoft Visual Studio Solution File, Format Version 12.00
# Visual Studio 2012
Project("{FAE04EC0-301F-11D3-BF4B-00C04F79EFBC}") = "SecretSanta", "SecretSanta\SecretSanta.csproj", "{31100FA9-3961-4067-AF41-E5A1514E9824}"
EndProject
Project("{FAE04EC0-301F-11D3-BF4B-00C04F79EFBC}") = "SecretSanta_UnitTest", "SecretSanta_Test\SecretSanta_UnitTest.csproj", "{D76EF5A0-B10E-436A-87B6-90EEA633B660}"
EndProject
Project("{FAE04EC0-301F-11D3-BF4B-00C04F79EFBC}") = "SecretSantaConsole", "SecretSantaConsole\SecretSantaConsole.csproj", "{1C46FE59-D4BF-49D8-AD7A-F5D1B93F34CC}"
EndProject
Project("{2150E333-8FDC-42A3-9474-1A3956D46DE8}") = "Test", "Test", "{E7221EFC-08E3-4CAE-A83B-0D5D3316CB32}"
EndProject
Global
	GlobalSection(SolutionConfigurationPlatforms) = preSolution
		Debug|Any CPU = Debug|Any CPU
		Release|Any CPU = Release|Any CPU
	EndGlobalSection
	GlobalSection(ProjectConfigurationPlatforms) = postSolution
		{31100FA9-3961-4067-AF41-E5A1514E9824}.Debug|Any CPU.ActiveCfg = Debug|Any CPU
		{31100FA9-3961-4067-AF41-E5A1514E9824}.Debug|Any CPU.Build.0 = Debug|Any CPU
		{31100FA9-3961-4067-AF41-E5A1514E9824}.Release|Any CPU.ActiveCfg = Release|Any CPU
		{31100FA9-3961-4067-AF41-E5A1514E9824}.Release|Any CPU.Build.0 = Release|Any CPU
		{D76EF5A0-B10E-436A-87B6-90EEA633B660}.Debug|Any CPU.ActiveCfg = Debug|Any CPU
		{D76EF5A0-B10E-436A-87B6-90EEA633B660}.Debug|Any CPU.Build.0 = Debug|Any CPU
		{D76EF5A0-B10E-436A-87B6-90EEA633B660}.Release|Any CPU.ActiveCfg = Release|Any CPU
		{D76EF5A0-B10E-436A-87B6-90EEA633B660}.Release|Any CPU.Build.0 = Release|Any CPU
		{1C46FE59-D4BF-49D8-AD7A-F5D1B93F34CC}.Debug|Any CPU.ActiveCfg = Debug|Any CPU
		{1C46FE59-D4BF-49D8-AD7A-F5D1B93F34CC}.Debug|Any CPU.Build.0 = Debug|Any CPU
		{1C46FE59-D4BF-49D8-AD7A-F5D1B93F34CC}.Release|Any CPU.ActiveCfg = Release|Any CPU
		{1C46FE59-D4BF-49D8-AD7A-F5D1B93F34CC}.Release|Any CPU.Build.0 = Release|Any CPU
	EndGlobalSection
	GlobalSection(SolutionProperties) = preSolution
		HideSolutionNode = FALSE
	EndGlobalSection
	GlobalSection(NestedProjects) = preSolution
		{D76EF5A0-B10E-436A-87B6-90EEA633B660} = {E7221EFC-08E3-4CAE-A83B-0D5D3316CB32}
	EndGlobalSection
EndGlobal
